
Microsoft Visual Studio Solution File, Format Version 12.00
# Visual Studio Version 17
VisualStudioVersion = 17.3.32811.315
MinimumVisualStudioVersion = 10.0.40219.1
Project("{FAE04EC0-301F-11D3-BF4B-00C04F79EFBC}") = "02Instanzvariablen", "02Instanzvariablen.csproj", "{0CA63C9B-2B86-4DA3-AA32-B2DF1DF3698B}"
EndProject
Global
	GlobalSection(SolutionConfigurationPlatforms) = preSolution
		Debug|Any CPU = Debug|Any CPU
		Release|Any CPU = Release|Any CPU
	EndGlobalSection
	GlobalSection(ProjectConfigurationPlatforms) = postSolution
		{0CA63C9B-2B86-4DA3-AA32-B2DF1DF3698B}.Debug|Any CPU.ActiveCfg = Debug|Any CPU
		{0CA63C9B-2B86-4DA3-AA32-B2DF1DF3698B}.Debug|Any CPU.Build.0 = Debug|Any CPU
		{0CA63C9B-2B86-4DA3-AA32-B2DF1DF3698B}.Release|Any CPU.ActiveCfg = Release|Any CPU
		{0CA63C9B-2B86-4DA3-AA32-B2DF1DF3698B}.Release|Any CPU.Build.0 = Release|Any CPU
	EndGlobalSection
	GlobalSection(SolutionProperties) = preSolution
		HideSolutionNode = FALSE
	EndGlobalSection
	GlobalSection(ExtensibilityGlobals) = postSolution
		SolutionGuid = {228ED939-D409-4E15-8393-429F098954C7}
	EndGlobalSection
EndGlobal
